
Microsoft Visual Studio Solution File, Format Version 12.00
# Visual Studio Version 17
VisualStudioVersion = 17.6.33829.357
MinimumVisualStudioVersion = 10.0.40219.1
Project("{FAE04EC0-301F-11D3-BF4B-00C04F79EFBC}") = "DogDoorApp(Use Case)", "DogDoorApp(Use Case).csproj", "{7BE030AA-4F7C-4D81-9917-E764B27FE477}"
EndProject
Global
	GlobalSection(SolutionConfigurationPlatforms) = preSolution
		Debug|Any CPU = Debug|Any CPU
		Release|Any CPU = Release|Any CPU
	EndGlobalSection
	GlobalSection(ProjectConfigurationPlatforms) = postSolution
		{7BE030AA-4F7C-4D81-9917-E764B27FE477}.Debug|Any CPU.ActiveCfg = Debug|Any CPU
		{7BE030AA-4F7C-4D81-9917-E764B27FE477}.Debug|Any CPU.Build.0 = Debug|Any CPU
		{7BE030AA-4F7C-4D81-9917-E764B27FE477}.Release|Any CPU.ActiveCfg = Release|Any CPU
		{7BE030AA-4F7C-4D81-9917-E764B27FE477}.Release|Any CPU.Build.0 = Release|Any CPU
	EndGlobalSection
	GlobalSection(SolutionProperties) = preSolution
		HideSolutionNode = FALSE
	EndGlobalSection
	GlobalSection(ExtensibilityGlobals) = postSolution
		SolutionGuid = {8E0CF654-AED1-43B9-80E5-9807432AFDCF}
	EndGlobalSection
EndGlobal
